
Microsoft Visual Studio Solution File, Format Version 12.00
# Visual Studio Version 17
VisualStudioVersion = 17.10.35013.160
MinimumVisualStudioVersion = 10.0.40219.1
Project("{9A19103F-16F7-4668-BE54-9A1E7A4F7556}") = "SystemMedyczny.InterfejsGraficzny", "SystemMedyczny.InterfejsGraficzny\SystemMedyczny.InterfejsGraficzny.csproj", "{8E2CB28B-B0D2-435B-93C6-C7F086E8CB6D}"
EndProject
Project("{9A19103F-16F7-4668-BE54-9A1E7A4F7556}") = "SystemMedyczny.Model", "SystemMedyczny.Model\SystemMedyczny.Model.csproj", "{7DD3AD4F-85F9-4FF8-9473-48BF5D691D0A}"
EndProject
Project("{FAE04EC0-301F-11D3-BF4B-00C04F79EFBC}") = "SystemMedyczny.Model.Testy", "SystemMedyczny.Model.Testy\SystemMedyczny.Model.Testy.csproj", "{993B994E-BD88-4715-8A82-52130E61DD14}"
EndProject
Global
	GlobalSection(SolutionConfigurationPlatforms) = preSolution
		Debug|Any CPU = Debug|Any CPU
		Release|Any CPU = Release|Any CPU
	EndGlobalSection
	GlobalSection(ProjectConfigurationPlatforms) = postSolution
		{8E2CB28B-B0D2-435B-93C6-C7F086E8CB6D}.Debug|Any CPU.ActiveCfg = Debug|Any CPU
		{8E2CB28B-B0D2-435B-93C6-C7F086E8CB6D}.Debug|Any CPU.Build.0 = Debug|Any CPU
		{8E2CB28B-B0D2-435B-93C6-C7F086E8CB6D}.Release|Any CPU.ActiveCfg = Release|Any CPU
		{8E2CB28B-B0D2-435B-93C6-C7F086E8CB6D}.Release|Any CPU.Build.0 = Release|Any CPU
		{7DD3AD4F-85F9-4FF8-9473-48BF5D691D0A}.Debug|Any CPU.ActiveCfg = Debug|Any CPU
		{7DD3AD4F-85F9-4FF8-9473-48BF5D691D0A}.Debug|Any CPU.Build.0 = Debug|Any CPU
		{7DD3AD4F-85F9-4FF8-9473-48BF5D691D0A}.Release|Any CPU.ActiveCfg = Release|Any CPU
		{7DD3AD4F-85F9-4FF8-9473-48BF5D691D0A}.Release|Any CPU.Build.0 = Release|Any CPU
		{993B994E-BD88-4715-8A82-52130E61DD14}.Debug|Any CPU.ActiveCfg = Debug|Any CPU
		{993B994E-BD88-4715-8A82-52130E61DD14}.Debug|Any CPU.Build.0 = Debug|Any CPU
		{993B994E-BD88-4715-8A82-52130E61DD14}.Release|Any CPU.ActiveCfg = Release|Any CPU
		{993B994E-BD88-4715-8A82-52130E61DD14}.Release|Any CPU.Build.0 = Release|Any CPU
	EndGlobalSection
	GlobalSection(SolutionProperties) = preSolution
		HideSolutionNode = FALSE
	EndGlobalSection
	GlobalSection(ExtensibilityGlobals) = postSolution
		SolutionGuid = {C1530327-3E05-4855-80CF-54030214B7AA}
	EndGlobalSection
EndGlobal
